
Microsoft Visual Studio Solution File, Format Version 12.00
# Visual Studio Version 17
VisualStudioVersion = 17.3.32804.467
MinimumVisualStudioVersion = 10.0.40219.1
Project("{FAE04EC0-301F-11D3-BF4B-00C04F79EFBC}") = "GG_Examen", "GG_Examen.csproj", "{DE139EB0-A243-427A-813E-9518C0B958C5}"
EndProject
Global
	GlobalSection(SolutionConfigurationPlatforms) = preSolution
		Debug|Any CPU = Debug|Any CPU
		Release|Any CPU = Release|Any CPU
	EndGlobalSection
	GlobalSection(ProjectConfigurationPlatforms) = postSolution
		{DE139EB0-A243-427A-813E-9518C0B958C5}.Debug|Any CPU.ActiveCfg = Debug|Any CPU
		{DE139EB0-A243-427A-813E-9518C0B958C5}.Debug|Any CPU.Build.0 = Debug|Any CPU
		{DE139EB0-A243-427A-813E-9518C0B958C5}.Release|Any CPU.ActiveCfg = Release|Any CPU
		{DE139EB0-A243-427A-813E-9518C0B958C5}.Release|Any CPU.Build.0 = Release|Any CPU
	EndGlobalSection
	GlobalSection(SolutionProperties) = preSolution
		HideSolutionNode = FALSE
	EndGlobalSection
	GlobalSection(ExtensibilityGlobals) = postSolution
		SolutionGuid = {919ACD32-EC01-4B4E-8BB0-5508827B793A}
	EndGlobalSection
EndGlobal
